
Microsoft Visual Studio Solution File, Format Version 12.00
# Visual Studio Version 16
VisualStudioVersion = 16.0.30523.141
MinimumVisualStudioVersion = 10.0.40219.1
Project("{FAE04EC0-301F-11D3-BF4B-00C04F79EFBC}") = "BaiThucHanhBuoi1", "BaiThucHanhBuoi1\BaiThucHanhBuoi1.csproj", "{8C01243E-022C-4AA8-A0C6-6AC5B4C0A45E}"
EndProject
Project("{FAE04EC0-301F-11D3-BF4B-00C04F79EFBC}") = "Bai2", "Bai2\Bai2.csproj", "{90977900-99F3-4334-BC78-41BB33FF1AB8}"
EndProject
Global
	GlobalSection(SolutionConfigurationPlatforms) = preSolution
		Debug|Any CPU = Debug|Any CPU
		Release|Any CPU = Release|Any CPU
	EndGlobalSection
	GlobalSection(ProjectConfigurationPlatforms) = postSolution
		{8C01243E-022C-4AA8-A0C6-6AC5B4C0A45E}.Debug|Any CPU.ActiveCfg = Debug|Any CPU
		{8C01243E-022C-4AA8-A0C6-6AC5B4C0A45E}.Debug|Any CPU.Build.0 = Debug|Any CPU
		{8C01243E-022C-4AA8-A0C6-6AC5B4C0A45E}.Release|Any CPU.ActiveCfg = Release|Any CPU
		{8C01243E-022C-4AA8-A0C6-6AC5B4C0A45E}.Release|Any CPU.Build.0 = Release|Any CPU
		{90977900-99F3-4334-BC78-41BB33FF1AB8}.Debug|Any CPU.ActiveCfg = Debug|Any CPU
		{90977900-99F3-4334-BC78-41BB33FF1AB8}.Debug|Any CPU.Build.0 = Debug|Any CPU
		{90977900-99F3-4334-BC78-41BB33FF1AB8}.Release|Any CPU.ActiveCfg = Release|Any CPU
		{90977900-99F3-4334-BC78-41BB33FF1AB8}.Release|Any CPU.Build.0 = Release|Any CPU
	EndGlobalSection
	GlobalSection(SolutionProperties) = preSolution
		HideSolutionNode = FALSE
	EndGlobalSection
	GlobalSection(ExtensibilityGlobals) = postSolution
		SolutionGuid = {EDDAAF67-175E-45BD-B516-721FBB36E1CF}
	EndGlobalSection
EndGlobal
